
Microsoft Visual Studio Solution File, Format Version 12.00
# Visual Studio Version 16
VisualStudioVersion = 16.0.31205.134
MinimumVisualStudioVersion = 10.0.40219.1
Project("{FAE04EC0-301F-11D3-BF4B-00C04F79EFBC}") = "quicspeed.UWP", "quicspeed.UWP\quicspeed.UWP.csproj", "{D57A4B7F-114B-46A0-A6AF-9A50DD7474ED}"
EndProject
Project("{FAE04EC0-301F-11D3-BF4B-00C04F79EFBC}") = "quicspeed.Android", "quicspeed.Android\quicspeed.Android.csproj", "{D61DE27F-313D-47EE-B95C-CA93E56F6384}"
EndProject
Project("{FAE04EC0-301F-11D3-BF4B-00C04F79EFBC}") = "quicspeed.iOS", "quicspeed.iOS\quicspeed.iOS.csproj", "{DCBF970C-A282-4D0B-82A4-360752107542}"
EndProject
Project("{FAE04EC0-301F-11D3-BF4B-00C04F79EFBC}") = "quicspeed", "quicspeed\quicspeed.csproj", "{96547F30-7C24-4AFB-931C-5F8D59194235}"
EndProject
Global
	GlobalSection(SolutionConfigurationPlatforms) = preSolution
		Debug|Any CPU = Debug|Any CPU
		Debug|ARM = Debug|ARM
		Debug|iPhone = Debug|iPhone
		Debug|iPhoneSimulator = Debug|iPhoneSimulator
		Debug|x64 = Debug|x64
		Debug|x86 = Debug|x86
		Release|Any CPU = Release|Any CPU
		Release|ARM = Release|ARM
		Release|iPhone = Release|iPhone
		Release|iPhoneSimulator = Release|iPhoneSimulator
		Release|x64 = Release|x64
		Release|x86 = Release|x86
	EndGlobalSection
	GlobalSection(ProjectConfigurationPlatforms) = postSolution
		{D57A4B7F-114B-46A0-A6AF-9A50DD7474ED}.Debug|Any CPU.ActiveCfg = Debug|x86
		{D57A4B7F-114B-46A0-A6AF-9A50DD7474ED}.Debug|Any CPU.Build.0 = Debug|x86
		{D57A4B7F-114B-46A0-A6AF-9A50DD7474ED}.Debug|Any CPU.Deploy.0 = Debug|x86
		{D57A4B7F-114B-46A0-A6AF-9A50DD7474ED}.Debug|ARM.ActiveCfg = Debug|ARM
		{D57A4B7F-114B-46A0-A6AF-9A50DD7474ED}.Debug|ARM.Build.0 = Debug|ARM
		{D57A4B7F-114B-46A0-A6AF-9A50DD7474ED}.Debug|ARM.Deploy.0 = Debug|ARM
		{D57A4B7F-114B-46A0-A6AF-9A50DD7474ED}.Debug|iPhone.ActiveCfg = Debug|x86
		{D57A4B7F-114B-46A0-A6AF-9A50DD7474ED}.Debug|iPhone.Build.0 = Debug|x86
		{D57A4B7F-114B-46A0-A6AF-9A50DD7474ED}.Debug|iPhone.Deploy.0 = Debug|x86
		{D57A4B7F-114B-46A0-A6AF-9A50DD7474ED}.Debug|iPhoneSimulator.ActiveCfg = Debug|x86
		{D57A4B7F-114B-46A0-A6AF-9A50DD7474ED}.Debug|iPhoneSimulator.Build.0 = Debug|x86
		{D57A4B7F-114B-46A0-A6AF-9A50DD7474ED}.Debug|iPhoneSimulator.Deploy.0 = Debug|x86
		{D57A4B7F-114B-46A0-A6AF-9A50DD7474ED}.Debug|x64.ActiveCfg = Debug|x64
		{D57A4B7F-114B-46A0-A6AF-9A50DD7474ED}.Debug|x64.Build.0 = Debug|x64
		{D57A4B7F-114B-46A0-A6AF-9A50DD7474ED}.Debug|x64.Deploy.0 = Debug|x64
		{D57A4B7F-114B-46A0-A6AF-9A50DD7474ED}.Debug|x86.ActiveCfg = Debug|x86
		{D57A4B7F-114B-46A0-A6AF-9A50DD7474ED}.Debug|x86.Build.0 = Debug|x86
		{D57A4B7F-114B-46A0-A6AF-9A50DD7474ED}.Debug|x86.Deploy.0 = Debug|x86
		{D57A4B7F-114B-46A0-A6AF-9A50DD7474ED}.Release|Any CPU.ActiveCfg = Release|x86
		{D57A4B7F-114B-46A0-A6AF-9A50DD7474ED}.Release|Any CPU.Build.0 = Release|x86
		{D57A4B7F-114B-46A0-A6AF-9A50DD7474ED}.Release|Any CPU.Deploy.0 = Release|x86
		{D57A4B7F-114B-46A0-A6AF-9A50DD7474ED}.Release|ARM.ActiveCfg = Release|ARM
		{D57A4B7F-114B-46A0-A6AF-9A50DD7474ED}.Release|ARM.Build.0 = Release|ARM
		{D57A4B7F-114B-46A0-A6AF-9A50DD7474ED}.Release|ARM.Deploy.0 = Release|ARM
		{D57A4B7F-114B-46A0-A6AF-9A50DD7474ED}.Release|iPhone.ActiveCfg = Release|x86
		{D57A4B7F-114B-46A0-A6AF-9A50DD7474ED}.Release|iPhone.Build.0 = Release|x86
		{D57A4B7F-114B-46A0-A6AF-9A50DD7474ED}.Release|iPhone.Deploy.0 = Release|x86
		{D57A4B7F-114B-46A0-A6AF-9A50DD7474ED}.Release|iPhoneSimulator.ActiveCfg = Release|x86
		{D57A4B7F-114B-46A0-A6AF-9A50DD7474ED}.Release|iPhoneSimulator.Build.0 = Release|x86
		{D57A4B7F-114B-46A0-A6AF-9A50DD7474ED}.Release|iPhoneSimulator.Deploy.0 = Release|x86
		{D57A4B7F-114B-46A0-A6AF-9A50DD7474ED}.Release|x64.ActiveCfg = Release|x64
		{D57A4B7F-114B-46A0-A6AF-9A50DD7474ED}.Release|x64.Build.0 = Release|x64
		{D57A4B7F-114B-46A0-A6AF-9A50DD7474ED}.Release|x64.Deploy.0 = Release|x64
		{D57A4B7F-114B-46A0-A6AF-9A50DD7474ED}.Release|x86.ActiveCfg = Release|x86
		{D57A4B7F-114B-46A0-A6AF-9A50DD7474ED}.Release|x86.Build.0 = Release|x86
		{D57A4B7F-114B-46A0-A6AF-9A50DD7474ED}.Release|x86.Deploy.0 = Release|x86
		{D61DE27F-313D-47EE-B95C-CA93E56F6384}.Debug|Any CPU.ActiveCfg = Debug|Any CPU
		{D61DE27F-313D-47EE-B95C-CA93E56F6384}.Debug|Any CPU.Build.0 = Debug|Any CPU
		{D61DE27F-313D-47EE-B95C-CA93E56F6384}.Debug|Any CPU.Deploy.0 = Debug|Any CPU
		{D61DE27F-313D-47EE-B95C-CA93E56F6384}.Debug|ARM.ActiveCfg = Debug|Any CPU
		{D61DE27F-313D-47EE-B95C-CA93E56F6384}.Debug|ARM.Build.0 = Debug|Any CPU
		{D61DE27F-313D-47EE-B95C-CA93E56F6384}.Debug|ARM.Deploy.0 = Debug|Any CPU
		{D61DE27F-313D-47EE-B95C-CA93E56F6384}.Debug|iPhone.ActiveCfg = Debug|Any CPU
		{D61DE27F-313D-47EE-B95C-CA93E56F6384}.Debug|iPhone.Build.0 = Debug|Any CPU
		{D61DE27F-313D-47EE-B95C-CA93E56F6384}.Debug|iPhone.Deploy.0 = Debug|Any CPU
		{D61DE27F-313D-47EE-B95C-CA93E56F6384}.Debug|iPhoneSimulator.ActiveCfg = Debug|Any CPU
		{D61DE27F-313D-47EE-B95C-CA93E56F6384}.Debug|iPhoneSimulator.Build.0 = Debug|Any CPU
		{D61DE27F-313D-47EE-B95C-CA93E56F6384}.Debug|iPhoneSimulator.Deploy.0 = Debug|Any CPU
		{D61DE27F-313D-47EE-B95C-CA93E56F6384}.Debug|x64.ActiveCfg = Debug|Any CPU
		{D61DE27F-313D-47EE-B95C-CA93E56F6384}.Debug|x64.Build.0 = Debug|Any CPU
		{D61DE27F-313D-47EE-B95C-CA93E56F6384}.Debug|x64.Deploy.0 = Debug|Any CPU
		{D61DE27F-313D-47EE-B95C-CA93E56F6384}.Debug|x86.ActiveCfg = Debug|Any CPU
		{D61DE27F-313D-47EE-B95C-CA93E56F6384}.Debug|x86.Build.0 = Debug|Any CPU
		{D61DE27F-313D-47EE-B95C-CA93E56F6384}.Debug|x86.Deploy.0 = Debug|Any CPU
		{D61DE27F-313D-47EE-B95C-CA93E56F6384}.Release|Any CPU.ActiveCfg = Release|Any CPU
		{D61DE27F-313D-47EE-B95C-CA93E56F6384}.Release|Any CPU.Build.0 = Release|Any CPU
		{D61DE27F-313D-47EE-B95C-CA93E56F6384}.Release|Any CPU.Deploy.0 = Release|Any CPU
		{D61DE27F-313D-47EE-B95C-CA93E56F6384}.Release|ARM.ActiveCfg = Release|Any CPU
		{D61DE27F-313D-47EE-B95C-CA93E56F6384}.Release|ARM.Build.0 = Release|Any CPU
		{D61DE27F-313D-47EE-B95C-CA93E56F6384}.Release|ARM.Deploy.0 = Release|Any CPU
		{D61DE27F-313D-47EE-B95C-CA93E56F6384}.Release|iPhone.ActiveCfg = Release|Any CPU
		{D61DE27F-313D-47EE-B95C-CA93E56F6384}.Release|iPhone.Build.0 = Release|Any CPU
		{D61DE27F-313D-47EE-B95C-CA93E56F6384}.Release|iPhone.Deploy.0 = Release|Any CPU
		{D61DE27F-313D-47EE-B95C-CA93E56F6384}.Release|iPhoneSimulator.ActiveCfg = Release|Any CPU
		{D61DE27F-313D-47EE-B95C-CA93E56F6384}.Release|iPhoneSimulator.Build.0 = Release|Any CPU
		{D61DE27F-313D-47EE-B95C-CA93E56F6384}.Release|iPhoneSimulator.Deploy.0 = Release|Any CPU
		{D61DE27F-313D-47EE-B95C-CA93E56F6384}.Release|x64.ActiveCfg = Release|Any CPU
		{D61DE27F-313D-47EE-B95C-CA93E56F6384}.Release|x64.Build.0 = Release|Any CPU
		{D61DE27F-313D-47EE-B95C-CA93E56F6384}.Release|x64.Deploy.0 = Release|Any CPU
		{D61DE27F-313D-47EE-B95C-CA93E56F6384}.Release|x86.ActiveCfg = Release|Any CPU
		{D61DE27F-313D-47EE-B95C-CA93E56F6384}.Release|x86.Build.0 = Release|Any CPU
		{D61DE27F-313D-47EE-B95C-CA93E56F6384}.Release|x86.Deploy.0 = Release|Any CPU
		{DCBF970C-A282-4D0B-82A4-360752107542}.Debug|Any CPU.ActiveCfg = Debug|iPhoneSimulator
		{DCBF970C-A282-4D0B-82A4-360752107542}.Debug|Any CPU.Build.0 = Debug|iPhoneSimulator
		{DCBF970C-A282-4D0B-82A4-360752107542}.Debug|Any CPU.Deploy.0 = Debug|iPhoneSimulator
		{DCBF970C-A282-4D0B-82A4-360752107542}.Debug|ARM.ActiveCfg = Debug|iPhone
		{DCBF970C-A282-4D0B-82A4-360752107542}.Debug|ARM.Build.0 = Debug|iPhone
		{DCBF970C-A282-4D0B-82A4-360752107542}.Debug|ARM.Deploy.0 = Debug|iPhone
		{DCBF970C-A282-4D0B-82A4-360752107542}.Debug|iPhone.ActiveCfg = Debug|iPhone
		{DCBF970C-A282-4D0B-82A4-360752107542}.Debug|iPhone.Build.0 = Debug|iPhone
		{DCBF970C-A282-4D0B-82A4-360752107542}.Debug|iPhone.Deploy.0 = Debug|iPhone
		{DCBF970C-A282-4D0B-82A4-360752107542}.Debug|iPhoneSimulator.ActiveCfg = Debug|iPhoneSimulator
		{DCBF970C-A282-4D0B-82A4-360752107542}.Debug|iPhoneSimulator.Build.0 = Debug|iPhoneSimulator
		{DCBF970C-A282-4D0B-82A4-360752107542}.Debug|iPhoneSimulator.Deploy.0 = Debug|iPhoneSimulator
		{DCBF970C-A282-4D0B-82A4-360752107542}.Debug|x64.ActiveCfg = Debug|iPhoneSimulator
		{DCBF970C-A282-4D0B-82A4-360752107542}.Debug|x64.Build.0 = Debug|iPhoneSimulator
		{DCBF970C-A282-4D0B-82A4-360752107542}.Debug|x64.Deploy.0 = Debug|iPhoneSimulator
		{DCBF970C-A282-4D0B-82A4-360752107542}.Debug|x86.ActiveCfg = Debug|iPhoneSimulator
		{DCBF970C-A282-4D0B-82A4-360752107542}.Debug|x86.Build.0 = Debug|iPhoneSimulator
		{DCBF970C-A282-4D0B-82A4-360752107542}.Debug|x86.Deploy.0 = Debug|iPhoneSimulator
		{DCBF970C-A282-4D0B-82A4-360752107542}.Release|Any CPU.ActiveCfg = Release|iPhoneSimulator
		{DCBF970C-A282-4D0B-82A4-360752107542}.Release|Any CPU.Build.0 = Release|iPhoneSimulator
		{DCBF970C-A282-4D0B-82A4-360752107542}.Release|Any CPU.Deploy.0 = Release|iPhoneSimulator
		{DCBF970C-A282-4D0B-82A4-360752107542}.Release|ARM.ActiveCfg = Release|iPhoneSimulator
		{DCBF970C-A282-4D0B-82A4-360752107542}.Release|ARM.Build.0 = Release|iPhoneSimulator
		{DCBF970C-A282-4D0B-82A4-360752107542}.Release|ARM.Deploy.0 = Release|iPhoneSimulator
		{DCBF970C-A282-4D0B-82A4-360752107542}.Release|iPhone.ActiveCfg = Release|iPhone
		{DCBF970C-A282-4D0B-82A4-360752107542}.Release|iPhone.Build.0 = Release|iPhone
		{DCBF970C-A282-4D0B-82A4-360752107542}.Release|iPhone.Deploy.0 = Release|iPhone
		{DCBF970C-A282-4D0B-82A4-360752107542}.Release|iPhoneSimulator.ActiveCfg = Release|iPhoneSimulator
		{DCBF970C-A282-4D0B-82A4-360752107542}.Release|iPhoneSimulator.Build.0 = Release|iPhoneSimulator
		{DCBF970C-A282-4D0B-82A4-360752107542}.Release|iPhoneSimulator.Deploy.0 = Release|iPhoneSimulator
		{DCBF970C-A282-4D0B-82A4-360752107542}.Release|x64.ActiveCfg = Release|iPhoneSimulator
		{DCBF970C-A282-4D0B-82A4-360752107542}.Release|x64.Build.0 = Release|iPhoneSimulator
		{DCBF970C-A282-4D0B-82A4-360752107542}.Release|x64.Deploy.0 = Release|iPhoneSimulator
		{DCBF970C-A282-4D0B-82A4-360752107542}.Release|x86.ActiveCfg = Release|iPhoneSimulator
		{DCBF970C-A282-4D0B-82A4-360752107542}.Release|x86.Build.0 = Release|iPhoneSimulator
		{DCBF970C-A282-4D0B-82A4-360752107542}.Release|x86.Deploy.0 = Release|iPhoneSimulator
		{96547F30-7C24-4AFB-931C-5F8D59194235}.Debug|Any CPU.ActiveCfg = Debug|Any CPU
		{96547F30-7C24-4AFB-931C-5F8D59194235}.Debug|Any CPU.Build.0 = Debug|Any CPU
		{96547F30-7C24-4AFB-931C-5F8D59194235}.Debug|Any CPU.Deploy.0 = Debug|Any CPU
		{96547F30-7C24-4AFB-931C-5F8D59194235}.Debug|ARM.ActiveCfg = Debug|Any CPU
		{96547F30-7C24-4AFB-931C-5F8D59194235}.Debug|ARM.Build.0 = Debug|Any CPU
		{96547F30-7C24-4AFB-931C-5F8D59194235}.Debug|ARM.Deploy.0 = Debug|Any CPU
		{96547F30-7C24-4AFB-931C-5F8D59194235}.Debug|iPhone.ActiveCfg = Debug|Any CPU
		{96547F30-7C24-4AFB-931C-5F8D59194235}.Debug|iPhone.Build.0 = Debug|Any CPU
		{96547F30-7C24-4AFB-931C-5F8D59194235}.Debug|iPhone.Deploy.0 = Debug|Any CPU
		{96547F30-7C24-4AFB-931C-5F8D59194235}.Debug|iPhoneSimulator.ActiveCfg = Debug|Any CPU
		{96547F30-7C24-4AFB-931C-5F8D59194235}.Debug|iPhoneSimulator.Build.0 = Debug|Any CPU
		{96547F30-7C24-4AFB-931C-5F8D59194235}.Debug|iPhoneSimulator.Deploy.0 = Debug|Any CPU
		{96547F30-7C24-4AFB-931C-5F8D59194235}.Debug|x64.ActiveCfg = Debug|Any CPU
		{96547F30-7C24-4AFB-931C-5F8D59194235}.Debug|x64.Build.0 = Debug|Any CPU
		{96547F30-7C24-4AFB-931C-5F8D59194235}.Debug|x64.Deploy.0 = Debug|Any CPU
		{96547F30-7C24-4AFB-931C-5F8D59194235}.Debug|x86.ActiveCfg = Debug|Any CPU
		{96547F30-7C24-4AFB-931C-5F8D59194235}.Debug|x86.Build.0 = Debug|Any CPU
		{96547F30-7C24-4AFB-931C-5F8D59194235}.Debug|x86.Deploy.0 = Debug|Any CPU
		{96547F30-7C24-4AFB-931C-5F8D59194235}.Release|Any CPU.ActiveCfg = Release|Any CPU
		{96547F30-7C24-4AFB-931C-5F8D59194235}.Release|Any CPU.Build.0 = Release|Any CPU
		{96547F30-7C24-4AFB-931C-5F8D59194235}.Release|Any CPU.Deploy.0 = Release|Any CPU
		{96547F30-7C24-4AFB-931C-5F8D59194235}.Release|ARM.ActiveCfg = Release|Any CPU
		{96547F30-7C24-4AFB-931C-5F8D59194235}.Release|ARM.Build.0 = Release|Any CPU
		{96547F30-7C24-4AFB-931C-5F8D59194235}.Release|ARM.Deploy.0 = Release|Any CPU
		{96547F30-7C24-4AFB-931C-5F8D59194235}.Release|iPhone.ActiveCfg = Release|Any CPU
		{96547F30-7C24-4AFB-931C-5F8D59194235}.Release|iPhone.Build.0 = Release|Any CPU
		{96547F30-7C24-4AFB-931C-5F8D59194235}.Release|iPhone.Deploy.0 = Release|Any CPU
		{96547F30-7C24-4AFB-931C-5F8D59194235}.Release|iPhoneSimulator.ActiveCfg = Release|Any CPU
		{96547F30-7C24-4AFB-931C-5F8D59194235}.Release|iPhoneSimulator.Build.0 = Release|Any CPU
		{96547F30-7C24-4AFB-931C-5F8D59194235}.Release|iPhoneSimulator.Deploy.0 = Release|Any CPU
		{96547F30-7C24-4AFB-931C-5F8D59194235}.Release|x64.ActiveCfg = Release|Any CPU
		{96547F30-7C24-4AFB-931C-5F8D59194235}.Release|x64.Build.0 = Release|Any CPU
		{96547F30-7C24-4AFB-931C-5F8D59194235}.Release|x64.Deploy.0 = Release|Any CPU
		{96547F30-7C24-4AFB-931C-5F8D59194235}.Release|x86.ActiveCfg = Release|Any CPU
		{96547F30-7C24-4AFB-931C-5F8D59194235}.Release|x86.Build.0 = Release|Any CPU
		{96547F30-7C24-4AFB-931C-5F8D59194235}.Release|x86.Deploy.0 = Release|Any CPU
	EndGlobalSection
	GlobalSection(SolutionProperties) = preSolution
		HideSolutionNode = FALSE
	EndGlobalSection
	GlobalSection(ExtensibilityGlobals) = postSolution
		SolutionGuid = {284B7E3F-B0D2-4C56-A9A2-4E72726A05FC}
	EndGlobalSection
EndGlobal
